{
  "version": "4.13.0",
  "updated_at": "2026-03-20T12:50:00Z",
  "description": "Agentic Workflow v4.13 版本锁定文件",
  "changes": [
    "v4.13: YAGNI 检查规则 - 防止过度设计和提前实现",
    "v4.13: 频繁提交规则 - 每完成独立单元立即提交",
    "v4.11: 空闲检测机制 - check_idle_status",
    "v4.11: 结果追踪 - JSONL格式 .task_history.jsonl",
    "v4.11: 周报/月报 - generate_weekly_report"
  ],
  "dependencies": {
    "tavily": {
      "version": "1.0.0",
      "type": "skill",
      "description": "AI优化的网络搜索"
    }
  },
  "modules": {
    "research": {
      "path": "references/modules/executing.md",
      "version": "1.0"
    },
    "thinking": {
      "path": "references/modules/thinking.md",
      "version": "1.0"
    },
    "planning": {
      "path": "references/templates/",
      "version": "1.0"
    },
    "executing": {
      "path": "references/modules/executing.md",
      "version": "1.0"
    },
    "reviewing": {
      "path": "references/modules/reviewing.md",
      "version": "1.0"
    },
    "debugging": {
      "path": "references/modules/debugging.md",
      "version": "1.0"
    },
    "memory": {
      "path": "references/memory_integration.md",
      "version": "2.0"
    },
    "decision_point": {
      "path": "SKILL.md (内置)",
      "version": "1.0",
      "description": "自修正决策点 - 人类决策模式"
    }
  },
  "scripts": {
    "wal_scanner": {
      "path": "scripts/wal_scanner.py",
      "version": "2.0",
      "status": "verified",
      "features": ["wal_scan", "3x_confirmation", "pattern_promotion"]
    },
    "memory_ops": {
      "path": "scripts/memory_ops.py",
      "version": "1.0",
      "status": "verified"
    },
    "memory_daily": {
      "path": "scripts/memory_daily.py",
      "version": "1.0",
      "status": "new"
    },
    "memory_longterm": {
      "path": "scripts/memory_longterm.py",
      "version": "1.0",
      "status": "new"
    },
    "task_tracker": {
      "path": "scripts/task_tracker.py",
      "version": "1.1",
      "status": "verified",
      "features": ["budget_control", "quality_gate_tracking"]
    },
    "router": {
      "path": "scripts/router.py",
      "version": "1.0",
      "status": "verified"
    },
    "quality_gate": {
      "path": "scripts/quality_gate.py",
      "version": "1.0",
      "status": "new",
      "gates": ["typecheck", "lint", "test"]
    }
  },
  "triggers": {
    "should_trigger": [
      "开发", "修复", "规划", "分析", "审查", "调研", "实施", "实现", "创建"
    ],
    "do_not_trigger": [
      "天气", "笑话", "你好", "谢谢", " hi", "hello"
    ]
  },
  "modules": {
    "research": {
      "path": "references/modules/executing.md",
      "version": "1.0"
    },
    "thinking": {
      "path": "references/modules/thinking.md",
      "version": "1.2"
    },
    "planning": {
      "path": "references/templates/",
      "version": "1.0"
    },
    "executing": {
      "path": "references/modules/executing.md",
      "version": "1.0"
    },
    "reviewing": {
      "path": "references/modules/reviewing.md",
      "version": "1.0"
    },
    "debugging": {
      "path": "references/modules/debugging.md",
      "version": "1.0"
    },
    "memory": {
      "path": "references/memory_architecture.md",
      "version": "2.1"
    },
    "decision_point": {
      "path": "SKILL.md (内置)",
      "version": "1.1"
    }
  },
  "test_results": {
    "trigger_routing": "100% (40/40)",
    "bash_scripts": "100% (8/8)",
    "python_scripts": "100% (task_tracker/budget/quality_gate/wal_scanner)",
    "windows_scripts": "100% (5/5 check_template已修复)",
    "subagent_architecture": "100% (7/7)",
    "memory_system": "Layer 1/2/3 全部实现",
    "quality_gate": "P0 已实现 - typecheck/lint/test",
    "budget_control": "P1 已实现 - start/budget/quality-gate",
    "self_correction": "P2 已实现 - 决策点模式",
    "self_reflection": "v4.9 新增 - COMPLETE阶段结构化反思",
    "3x_confirmation": "v4.9 新增 - WAL模式晋升机制",
    "hard_gate": "v4.12 新增 - 设计门禁强制设计确认",
    "red_flags": "v4.12 新增 - 技能触发自我检查",
    "segmented_design": "v4.12 新增 - 分段设计确认机制",
    "yagni_check": "v4.13 新增 - YAGNI检查防止过度设计",
    "frequent_commit": "v4.13 新增 - 频繁提交规则"
  },
  "fingerprint": "v4.13.0-yagni-commit"
}
